
Microsoft Visual Studio Solution File, Format Version 11.00
# Visual Studio 2010
Project("{FAE04EC0-301F-11D3-BF4B-00C04F79EFBC}") = "eDirectory.Common", "eDirectory.Common\eDirectory.Common.csproj", "{92CB1AA5-2610-4653-A576-D1FAB113ED3B}"
EndProject
Project("{2150E333-8FDC-42A3-9474-1A3956D46DE8}") = "common", "common", "{28828337-FCEE-44B3-99C8-160C7C249E19}"
EndProject
Project("{2150E333-8FDC-42A3-9474-1A3956D46DE8}") = "tests", "tests", "{AFA385F6-DFB9-491A-B8AE-314AAC8DCCA7}"
EndProject
Project("{FAE04EC0-301F-11D3-BF4B-00C04F79EFBC}") = "eDirectory.UnitTests", "eDirectory.UnitTests\eDirectory.UnitTests.csproj", "{153CB7F9-7886-41A5-90A5-9E5515BAB43D}"
EndProject
Project("{2150E333-8FDC-42A3-9474-1A3956D46DE8}") = "Test Items", "Test Items", "{1C51BF11-8556-4C5C-A405-BE355003680C}"
	ProjectSection(SolutionItems) = preProject
		eDirectory.vsmdi = eDirectory.vsmdi
		Local.testsettings = Local.testsettings
		TraceAndTestImpact.testsettings = TraceAndTestImpact.testsettings
	EndProjectSection
EndProject
Project("{2150E333-8FDC-42A3-9474-1A3956D46DE8}") = "server", "server", "{5911A491-DAB8-4F5B-A491-5B06C721B271}"
EndProject
Project("{FAE04EC0-301F-11D3-BF4B-00C04F79EFBC}") = "eDirectory.Domain", "eDirectory.Domain\eDirectory.Domain.csproj", "{F632D61C-8D3B-4EEC-92B3-9137774F5A4A}"
EndProject
Project("{2150E333-8FDC-42A3-9474-1A3956D46DE8}") = "extensions", "extensions", "{0F259D96-9D10-4069-A973-9D43808D7FE8}"
EndProject
Project("{FAE04EC0-301F-11D3-BF4B-00C04F79EFBC}") = "eDirectory.Naive", "eDirectory.Naive\eDirectory.Naive.csproj", "{F4B90CC2-6450-4BE4-9D1D-CB5DF0E2CB6B}"
EndProject
Global
	GlobalSection(TeamFoundationVersionControl) = preSolution
		SccNumberOfProjects = 5
		SccEnterpriseProvider = {4CA58AB2-18FA-4F8D-95D4-32DDF27D184C}
		SccTeamFoundationServer = https://tfs01.codeplex.com/
		SccLocalPath0 = .
		SccProjectUniqueName1 = eDirectory.Common\\eDirectory.Common.csproj
		SccProjectTopLevelParentUniqueName1 = eDirectory.sln
		SccProjectName1 = eDirectory.Common
		SccLocalPath1 = eDirectory.Common
		SccProjectUniqueName2 = eDirectory.UnitTests\\eDirectory.UnitTests.csproj
		SccProjectTopLevelParentUniqueName2 = eDirectory.sln
		SccProjectName2 = eDirectory.UnitTests
		SccLocalPath2 = eDirectory.UnitTests
		SccProjectUniqueName3 = eDirectory.Domain\\eDirectory.Domain.csproj
		SccProjectTopLevelParentUniqueName3 = eDirectory.sln
		SccProjectName3 = eDirectory.Domain
		SccLocalPath3 = eDirectory.Domain
		SccProjectUniqueName4 = eDirectory.Naive\\eDirectory.Naive.csproj
		SccProjectTopLevelParentUniqueName4 = eDirectory.sln
		SccProjectName4 = eDirectory.Naive
		SccLocalPath4 = eDirectory.Naive
	EndGlobalSection
	GlobalSection(TestCaseManagementSettings) = postSolution
		CategoryFile = eDirectory.vsmdi
	EndGlobalSection
	GlobalSection(SolutionConfigurationPlatforms) = preSolution
		Debug|Any CPU = Debug|Any CPU
		Release|Any CPU = Release|Any CPU
	EndGlobalSection
	GlobalSection(ProjectConfigurationPlatforms) = postSolution
		{92CB1AA5-2610-4653-A576-D1FAB113ED3B}.Debug|Any CPU.ActiveCfg = Debug|Any CPU
		{92CB1AA5-2610-4653-A576-D1FAB113ED3B}.Debug|Any CPU.Build.0 = Debug|Any CPU
		{92CB1AA5-2610-4653-A576-D1FAB113ED3B}.Release|Any CPU.ActiveCfg = Release|Any CPU
		{92CB1AA5-2610-4653-A576-D1FAB113ED3B}.Release|Any CPU.Build.0 = Release|Any CPU
		{153CB7F9-7886-41A5-90A5-9E5515BAB43D}.Debug|Any CPU.ActiveCfg = Debug|Any CPU
		{153CB7F9-7886-41A5-90A5-9E5515BAB43D}.Debug|Any CPU.Build.0 = Debug|Any CPU
		{153CB7F9-7886-41A5-90A5-9E5515BAB43D}.Release|Any CPU.ActiveCfg = Release|Any CPU
		{153CB7F9-7886-41A5-90A5-9E5515BAB43D}.Release|Any CPU.Build.0 = Release|Any CPU
		{F632D61C-8D3B-4EEC-92B3-9137774F5A4A}.Debug|Any CPU.ActiveCfg = Debug|Any CPU
		{F632D61C-8D3B-4EEC-92B3-9137774F5A4A}.Debug|Any CPU.Build.0 = Debug|Any CPU
		{F632D61C-8D3B-4EEC-92B3-9137774F5A4A}.Release|Any CPU.ActiveCfg = Release|Any CPU
		{F632D61C-8D3B-4EEC-92B3-9137774F5A4A}.Release|Any CPU.Build.0 = Release|Any CPU
		{F4B90CC2-6450-4BE4-9D1D-CB5DF0E2CB6B}.Debug|Any CPU.ActiveCfg = Debug|Any CPU
		{F4B90CC2-6450-4BE4-9D1D-CB5DF0E2CB6B}.Debug|Any CPU.Build.0 = Debug|Any CPU
		{F4B90CC2-6450-4BE4-9D1D-CB5DF0E2CB6B}.Release|Any CPU.ActiveCfg = Release|Any CPU
		{F4B90CC2-6450-4BE4-9D1D-CB5DF0E2CB6B}.Release|Any CPU.Build.0 = Release|Any CPU
	EndGlobalSection
	GlobalSection(SolutionProperties) = preSolution
		HideSolutionNode = FALSE
	EndGlobalSection
	GlobalSection(NestedProjects) = preSolution
		{92CB1AA5-2610-4653-A576-D1FAB113ED3B} = {28828337-FCEE-44B3-99C8-160C7C249E19}
		{153CB7F9-7886-41A5-90A5-9E5515BAB43D} = {AFA385F6-DFB9-491A-B8AE-314AAC8DCCA7}
		{1C51BF11-8556-4C5C-A405-BE355003680C} = {AFA385F6-DFB9-491A-B8AE-314AAC8DCCA7}
		{F632D61C-8D3B-4EEC-92B3-9137774F5A4A} = {5911A491-DAB8-4F5B-A491-5B06C721B271}
		{F4B90CC2-6450-4BE4-9D1D-CB5DF0E2CB6B} = {0F259D96-9D10-4069-A973-9D43808D7FE8}
	EndGlobalSection
EndGlobal
